
Microsoft Visual Studio Solution File, Format Version 12.00
# Visual Studio Version 17
VisualStudioVersion = 17.6.33815.320
MinimumVisualStudioVersion = 10.0.40219.1
Project("{FAE04EC0-301F-11D3-BF4B-00C04F79EFBC}") = "ProyectoBanco", "ProyectoBanco\ProyectoBanco.csproj", "{0DEBDED9-3158-4729-B038-6D7BED5C898C}"
EndProject
Global
	GlobalSection(SolutionConfigurationPlatforms) = preSolution
		Debug|Any CPU = Debug|Any CPU
		Release|Any CPU = Release|Any CPU
	EndGlobalSection
	GlobalSection(ProjectConfigurationPlatforms) = postSolution
		{0DEBDED9-3158-4729-B038-6D7BED5C898C}.Debug|Any CPU.ActiveCfg = Debug|Any CPU
		{0DEBDED9-3158-4729-B038-6D7BED5C898C}.Debug|Any CPU.Build.0 = Debug|Any CPU
		{0DEBDED9-3158-4729-B038-6D7BED5C898C}.Release|Any CPU.ActiveCfg = Release|Any CPU
		{0DEBDED9-3158-4729-B038-6D7BED5C898C}.Release|Any CPU.Build.0 = Release|Any CPU
	EndGlobalSection
	GlobalSection(SolutionProperties) = preSolution
		HideSolutionNode = FALSE
	EndGlobalSection
	GlobalSection(ExtensibilityGlobals) = postSolution
		SolutionGuid = {B9B6D97B-5D17-4735-9CC6-B30AFA69AF83}
	EndGlobalSection
EndGlobal
